// !$*UTF8*$!
{
	archiveVersion = 1;
	classes = {
	};
	objectVersion = 55;
	objects = {

/* Begin PBXBuildFile section */
		0C7A7B7728390E0A0060D05B /* OneToManyCoreData2App.swift in Sources */ = {isa = PBXBuildFile; fileRef = 0C7A7B7628390E0A0060D05B /* OneToManyCoreData2App.swift */; };
		0C7A7B7928390E0A0060D05B /* ContentView.swift in Sources */ = {isa = PBXBuildFile; fileRef = 0C7A7B7828390E0A0060D05B /* ContentView.swift */; };
		0C7A7B7B28390E0B0060D05B /* Assets.xcassets in Resources */ = {isa = PBXBuildFile; fileRef = 0C7A7B7A28390E0B0060D05B /* Assets.xcassets */; };
		0C7A7B7E28390E0B0060D05B /* Preview Assets.xcassets in Resources */ = {isa = PBXBuildFile; fileRef = 0C7A7B7D28390E0B0060D05B /* Preview Assets.xcassets */; };
		0C7A7B8028390E0B0060D05B /* Persistence.swift in Sources */ = {isa = PBXBuildFile; fileRef = 0C7A7B7F28390E0B0060D05B /* Persistence.swift */; };
		0C7A7B8328390E0B0060D05B /* OneToManyCoreData2.xcdatamodeld in Sources */ = {isa = PBXBuildFile; fileRef = 0C7A7B8128390E0B0060D05B /* OneToManyCoreData2.xcdatamodeld */; };
		0C7A7B8D283914140060D05B /* Employee+CoreDataClass.swift in Sources */ = {isa = PBXBuildFile; fileRef = 0C7A7B89283914140060D05B /* Employee+CoreDataClass.swift */; };
		0C7A7B8E283914140060D05B /* Employee+CoreDataProperties.swift in Sources */ = {isa = PBXBuildFile; fileRef = 0C7A7B8A283914140060D05B /* Employee+CoreDataProperties.swift */; };
		0C7A7B8F283914140060D05B /* Department+CoreDataClass.swift in Sources */ = {isa = PBXBuildFile; fileRef = 0C7A7B8B283914140060D05B /* Department+CoreDataClass.swift */; };
		0C7A7B90283914140060D05B /* Department+CoreDataProperties.swift in Sources */ = {isa = PBXBuildFile; fileRef = 0C7A7B8C283914140060D05B /* Department+CoreDataProperties.swift */; };
		0C7A7B9428391D200060D05B /* EmployeeList.swift in Sources */ = {isa = PBXBuildFile; fileRef = 0C7A7B9328391D200060D05B /* EmployeeList.swift */; };
/* End PBXBuildFile section */

/* Begin PBXFileReference section */
		0C7A7B7328390E0A0060D05B /* OneToManyCoreData2.app */ = {isa = PBXFileReference; explicitFileType = wrapper.application; includeInIndex = 0; path = OneToManyCoreData2.app; sourceTree = BUILT_PRODUCTS_DIR; };
		0C7A7B7628390E0A0060D05B /* OneToManyCoreData2App.swift */ = {isa = PBXFileReference; lastKnownFileType = sourcecode.swift; path = OneToManyCoreData2App.swift; sourceTree = "<group>"; };
		0C7A7B7828390E0A0060D05B /* ContentView.swift */ = {isa = PBXFileReference; lastKnownFileType = sourcecode.swift; path = ContentView.swift; sourceTree = "<group>"; };
		0C7A7B7A28390E0B0060D05B /* Assets.xcassets */ = {isa = PBXFileReference; lastKnownFileType = folder.assetcatalog; path = Assets.xcassets; sourceTree = "<group>"; };
		0C7A7B7D28390E0B0060D05B /* Preview Assets.xcassets */ = {isa = PBXFileReference; lastKnownFileType = folder.assetcatalog; path = "Preview Assets.xcassets"; sourceTree = "<group>"; };
		0C7A7B7F28390E0B0060D05B /* Persistence.swift */ = {isa = PBXFileReference; lastKnownFileType = sourcecode.swift; path = Persistence.swift; sourceTree = "<group>"; };
		0C7A7B8228390E0B0060D05B /* OneToManyCoreData2.xcdatamodel */ = {isa = PBXFileReference; lastKnownFileType = wrapper.xcdatamodel; path = OneToManyCoreData2.xcdatamodel; sourceTree = "<group>"; };
		0C7A7B89283914140060D05B /* Employee+CoreDataClass.swift */ = {isa = PBXFileReference; lastKnownFileType = sourcecode.swift; path = "Employee+CoreDataClass.swift"; sourceTree = "<group>"; };
		0C7A7B8A283914140060D05B /* Employee+CoreDataProperties.swift */ = {isa = PBXFileReference; lastKnownFileType = sourcecode.swift; path = "Employee+CoreDataProperties.swift"; sourceTree = "<group>"; };
		0C7A7B8B283914140060D05B /* Department+CoreDataClass.swift */ = {isa = PBXFileReference; lastKnownFileType = sourcecode.swift; path = "Department+CoreDataClass.swift"; sourceTree = "<group>"; };
		0C7A7B8C283914140060D05B /* Department+CoreDataProperties.swift */ = {isa = PBXFileReference; lastKnownFileType = sourcecode.swift; path = "Department+CoreDataProperties.swift"; sourceTree = "<group>"; };
		0C7A7B9328391D200060D05B /* EmployeeList.swift */ = {isa = PBXFileReference; lastKnownFileType = sourcecode.swift; path = EmployeeList.swift; sourceTree = "<group>"; };
/* End PBXFileReference section */

/* Begin PBXFrameworksBuildPhase section */
		0C7A7B7028390E0A0060D05B /* Frameworks */ = {
			isa = PBXFrameworksBuildPhase;
			buildActionMask = 2147483647;
			files = (
			);
			runOnlyForDeploymentPostprocessing = 0;
		};
/* End PBXFrameworksBuildPhase section */

/* Begin PBXGroup section */
		0C7A7B6A28390E0A0060D05B = {
			isa = PBXGroup;
			children = (
				0C7A7B89283914140060D05B /* Employee+CoreDataClass.swift */,
				0C7A7B8A283914140060D05B /* Employee+CoreDataProperties.swift */,
				0C7A7B8B283914140060D05B /* Department+CoreDataClass.swift */,
				0C7A7B8C283914140060D05B /* Department+CoreDataProperties.swift */,
				0C7A7B7528390E0A0060D05B /* OneToManyCoreData2 */,
				0C7A7B7428390E0A0060D05B /* Products */,
			);
			sourceTree = "<group>";
		};
		0C7A7B7428390E0A0060D05B /* Products */ = {
			isa = PBXGroup;
			children = (
				0C7A7B7328390E0A0060D05B /* OneToManyCoreData2.app */,
			);
			name = Products;
			sourceTree = "<group>";
		};
		0C7A7B7528390E0A0060D05B /* OneToManyCoreData2 */ = {
			isa = PBXGroup;
			children = (
				0C7A7B7628390E0A0060D05B /* OneToManyCoreData2App.swift */,
				0C7A7B7828390E0A0060D05B /* ContentView.swift */,
				0C7A7B9328391D200060D05B /* EmployeeList.swift */,
				0C7A7B7A28390E0B0060D05B /* Assets.xcassets */,
				0C7A7B7F28390E0B0060D05B /* Persistence.swift */,
				0C7A7B8128390E0B0060D05B /* OneToManyCoreData2.xcdatamodeld */,
				0C7A7B7C28390E0B0060D05B /* Preview Content */,
			);
			path = OneToManyCoreData2;
			sourceTree = "<group>";
		};
		0C7A7B7C28390E0B0060D05B /* Preview Content */ = {
			isa = PBXGroup;
			children = (
				0C7A7B7D28390E0B0060D05B /* Preview Assets.xcassets */,
			);
			path = "Preview Content";
			sourceTree = "<group>";
		};
/* End PBXGroup section */

/* Begin PBXNativeTarget section */
		0C7A7B7228390E0A0060D05B /* OneToManyCoreData2 */ = {
			isa = PBXNativeTarget;
			buildConfigurationList = 0C7A7B8628390E0B0060D05B /* Build configuration list for PBXNativeTarget "OneToManyCoreData2" */;
			buildPhases = (
				0C7A7B6F28390E0A0060D05B /* Sources */,
				0C7A7B7028390E0A0060D05B /* Frameworks */,
				0C7A7B7128390E0A0060D05B /* Resources */,
			);
			buildRules = (
			);
			dependencies = (
			);
			name = OneToManyCoreData2;
			productName = OneToManyCoreData2;
			productReference = 0C7A7B7328390E0A0060D05B /* OneToManyCoreData2.app */;
			productType = "com.apple.product-type.application";
		};
/* End PBXNativeTarget section */

/* Begin PBXProject section */
		0C7A7B6B28390E0A0060D05B /* Project object */ = {
			isa = PBXProject;
			attributes = {
				BuildIndependentTargetsInParallel = 1;
				LastSwiftUpdateCheck = 1330;
				LastUpgradeCheck = 1330;
				TargetAttributes = {
					0C7A7B7228390E0A0060D05B = {
						CreatedOnToolsVersion = 13.3.1;
					};
				};
			};
			buildConfigurationList = 0C7A7B6E28390E0A0060D05B /* Build configuration list for PBXProject "OneToManyCoreData2" */;
			compatibilityVersion = "Xcode 13.0";
			developmentRegion = en;
			hasScannedForEncodings = 0;
			knownRegions = (
				en,
				Base,
			);
			mainGroup = 0C7A7B6A28390E0A0060D05B;
			productRefGroup = 0C7A7B7428390E0A0060D05B /* Products */;
			projectDirPath = "";
			projectRoot = "";
			targets = (
				0C7A7B7228390E0A0060D05B /* OneToManyCoreData2 */,
			);
		};
/* End PBXProject section */

/* Begin PBXResourcesBuildPhase section */
		0C7A7B7128390E0A0060D05B /* Resources */ = {
			isa = PBXResourcesBuildPhase;
			buildActionMask = 2147483647;
			files = (
				0C7A7B7E28390E0B0060D05B /* Preview Assets.xcassets in Resources */,
				0C7A7B7B28390E0B0060D05B /* Assets.xcassets in Resources */,
			);
			runOnlyForDeploymentPostprocessing = 0;
		};
/* End PBXResourcesBuildPhase section */

/* Begin PBXSourcesBuildPhase section */
		0C7A7B6F28390E0A0060D05B /* Sources */ = {
			isa = PBXSourcesBuildPhase;
			buildActionMask = 2147483647;
			files = (
				0C7A7B8028390E0B0060D05B /* Persistence.swift in Sources */,
				0C7A7B8E283914140060D05B /* Employee+CoreDataProperties.swift in Sources */,
				0C7A7B7928390E0A0060D05B /* ContentView.swift in Sources */,
				0C7A7B8328390E0B0060D05B /* OneToManyCoreData2.xcdatamodeld in Sources */,
				0C7A7B8D283914140060D05B /* Employee+CoreDataClass.swift in Sources */,
				0C7A7B90283914140060D05B /* Department+CoreDataProperties.swift in Sources */,
				0C7A7B9428391D200060D05B /* EmployeeList.swift in Sources */,
				0C7A7B7728390E0A0060D05B /* OneToManyCoreData2App.swift in Sources */,
				0C7A7B8F283914140060D05B /* Department+CoreDataClass.swift in Sources */,
			);
			runOnlyForDeploymentPostprocessing = 0;
		};
/* End PBXSourcesBuildPhase section */

/* Begin XCBuildConfiguration section */
		0C7A7B8428390E0B0060D05B /* Debug */ = {
			isa = XCBuildConfiguration;
			buildSettings = {
				ALWAYS_SEARCH_USER_PATHS = NO;
				CLANG_ANALYZER_NONNULL = YES;
				CLANG_ANALYZER_NUMBER_OBJECT_CONVERSION = YES_AGGRESSIVE;
				CLANG_CXX_LANGUAGE_STANDARD = "gnu++17";
				CLANG_ENABLE_MODULES = YES;
				CLANG_ENABLE_OBJC_ARC = YES;
				CLANG_ENABLE_OBJC_WEAK = YES;
				CLANG_WARN_BLOCK_CAPTURE_AUTORELEASING = YES;
				CLANG_WARN_BOOL_CONVERSION = YES;
				CLANG_WARN_COMMA = YES;
				CLANG_WARN_CONSTANT_CONVERSION = YES;
				CLANG_WARN_DEPRECATED_OBJC_IMPLEMENTATIONS = YES;
				CLANG_WARN_DIRECT_OBJC_ISA_USAGE = YES_ERROR;
				CLANG_WARN_DOCUMENTATION_COMMENTS = YES;
				CLANG_WARN_EMPTY_BODY = YES;
				CLANG_WARN_ENUM_CONVERSION = YES;
				CLANG_WARN_INFINITE_RECURSION = YES;
				CLANG_WARN_INT_CONVERSION = YES;
				CLANG_WARN_NON_LITERAL_NULL_CONVERSION = YES;
				CLANG_WARN_OBJC_IMPLICIT_RETAIN_SELF = YES;
				CLANG_WARN_OBJC_LITERAL_CONVERSION = YES;
				CLANG_WARN_OBJC_ROOT_CLASS = YES_ERROR;
				CLANG_WARN_QUOTED_INCLUDE_IN_FRAMEWORK_HEADER = YES;
				CLANG_WARN_RANGE_LOOP_ANALYSIS = YES;
				CLANG_WARN_STRICT_PROTOTYPES = YES;
				CLANG_WARN_SUSPICIOUS_MOVE = YES;
				CLANG_WARN_UNGUARDED_AVAILABILITY = YES_AGGRESSIVE;
				CLANG_WARN_UNREACHABLE_CODE = YES;
				CLANG_WARN__DUPLICATE_METHOD_MATCH = YES;
				COPY_PHASE_STRIP = NO;
				DEBUG_INFORMATION_FORMAT = dwarf;
				ENABLE_STRICT_OBJC_MSGSEND = YES;
				ENABLE_TESTABILITY = YES;
				GCC_C_LANGUAGE_STANDARD = gnu11;
				GCC_DYNAMIC_NO_PIC = NO;
				GCC_NO_COMMON_BLOCKS = YES;
				GCC_OPTIMIZATION_LEVEL = 0;
				GCC_PREPROCESSOR_DEFINITIONS = (
					"DEBUG=1",
					"$(inherited)",
				);
				GCC_WARN_64_TO_32_BIT_CONVERSION = YES;
				GCC_WARN_ABOUT_RETURN_TYPE = YES_ERROR;
				GCC_WARN_UNDECLARED_SELECTOR = YES;
				GCC_WARN_UNINITIALIZED_AUTOS = YES_AGGRESSIVE;
				GCC_WARN_UNUSED_FUNCTION = YES;
				GCC_WARN_UNUSED_VARIABLE = YES;
				IPHONEOS_DEPLOYMENT_TARGET = 15.4;
				MTL_ENABLE_DEBUG_INFO = INCLUDE_SOURCE;
				MTL_FAST_MATH = YES;
				ONLY_ACTIVE_ARCH = YES;
				SDKROOT = iphoneos;
				SWIFT_ACTIVE_COMPILATION_CONDITIONS = DEBUG;
				SWIFT_OPTIMIZATION_LEVEL = "-Onone";
			};
			name = Debug;
		};
		0C7A7B8528390E0B0060D05B /* Release */ = {
			isa = XCBuildConfiguration;
			buildSettings = {
				ALWAYS_SEARCH_USER_PATHS = NO;
				CLANG_ANALYZER_NONNULL = YES;
				CLANG_ANALYZER_NUMBER_OBJECT_CONVERSION = YES_AGGRESSIVE;
				CLANG_CXX_LANGUAGE_STANDARD = "gnu++17";
				CLANG_ENABLE_MODULES = YES;
				CLANG_ENABLE_OBJC_ARC = YES;
				CLANG_ENABLE_OBJC_WEAK = YES;
				CLANG_WARN_BLOCK_CAPTURE_AUTORELEASING = YES;
				CLANG_WARN_BOOL_CONVERSION = YES;
				CLANG_WARN_COMMA = YES;
				CLANG_WARN_CONSTANT_CONVERSION = YES;
				CLANG_WARN_DEPRECATED_OBJC_IMPLEMENTATIONS = YES;
				CLANG_WARN_DIRECT_OBJC_ISA_USAGE = YES_ERROR;
				CLANG_WARN_DOCUMENTATION_COMMENTS = YES;
				CLANG_WARN_EMPTY_BODY = YES;
				CLANG_WARN_ENUM_CONVERSION = YES;
				CLANG_WARN_INFINITE_RECURSION = YES;
				CLANG_WARN_INT_CONVERSION = YES;
				CLANG_WARN_NON_LITERAL_NULL_CONVERSION = YES;
				CLANG_WARN_OBJC_IMPLICIT_RETAIN_SELF = YES;
				CLANG_WARN_OBJC_LITERAL_CONVERSION = YES;
				CLANG_WARN_OBJC_ROOT_CLASS = YES_ERROR;
				CLANG_WARN_QUOTED_INCLUDE_IN_FRAMEWORK_HEADER = YES;
				CLANG_WARN_RANGE_LOOP_ANALYSIS = YES;
				CLANG_WARN_STRICT_PROTOTYPES = YES;
				CLANG_WARN_SUSPICIOUS_MOVE = YES;
				CLANG_WARN_UNGUARDED_AVAILABILITY = YES_AGGRESSIVE;
				CLANG_WARN_UNREACHABLE_CODE = YES;
				CLANG_WARN__DUPLICATE_METHOD_MATCH = YES;
				COPY_PHASE_STRIP = NO;
				DEBUG_INFORMATION_FORMAT = "dwarf-with-dsym";
				ENABLE_NS_ASSERTIONS = NO;
				ENABLE_STRICT_OBJC_MSGSEND = YES;
				GCC_C_LANGUAGE_STANDARD = gnu11;
				GCC_NO_COMMON_BLOCKS = YES;
				GCC_WARN_64_TO_32_BIT_CONVERSION = YES;
				GCC_WARN_ABOUT_RETURN_TYPE = YES_ERROR;
				GCC_WARN_UNDECLARED_SELECTOR = YES;
				GCC_WARN_UNINITIALIZED_AUTOS = YES_AGGRESSIVE;
				GCC_WARN_UNUSED_FUNCTION = YES;
				GCC_WARN_UNUSED_VARIABLE = YES;
				IPHONEOS_DEPLOYMENT_TARGET = 15.4;
				MTL_ENABLE_DEBUG_INFO = NO;
				MTL_FAST_MATH = YES;
				SDKROOT = iphoneos;
				SWIFT_COMPILATION_MODE = wholemodule;
				SWIFT_OPTIMIZATION_LEVEL = "-O";
				VALIDATE_PRODUCT = YES;
			};
			name = Release;
		};
		0C7A7B8728390E0B0060D05B /* Debug */ = {
			isa = XCBuildConfiguration;
			buildSettings = {
				ASSETCATALOG_COMPILER_APPICON_NAME = AppIcon;
				ASSETCATALOG_COMPILER_GLOBAL_ACCENT_COLOR_NAME = AccentColor;
				CODE_SIGN_STYLE = Automatic;
				CURRENT_PROJECT_VERSION = 1;
				DEVELOPMENT_ASSET_PATHS = "\"OneToManyCoreData2/Preview Content\"";
				DEVELOPMENT_TEAM = 38MT9LSMPC;
				ENABLE_PREVIEWS = YES;
				GENERATE_INFOPLIST_FILE = YES;
				INFOPLIST_KEY_UIApplicationSceneManifest_Generation = YES;
				INFOPLIST_KEY_UIApplicationSupportsIndirectInputEvents = YES;
				INFOPLIST_KEY_UILaunchScreen_Generation = YES;
				INFOPLIST_KEY_UISupportedInterfaceOrientations_iPad = "UIInterfaceOrientationPortrait UIInterfaceOrientationPortraitUpsideDown UIInterfaceOrientationLandscapeLeft UIInterfaceOrientationLandscapeRight";
				INFOPLIST_KEY_UISupportedInterfaceOrientations_iPhone = "UIInterfaceOrientationPortrait UIInterfaceOrientationLandscapeLeft UIInterfaceOrientationLandscapeRight";
				LD_RUNPATH_SEARCH_PATHS = (
					"$(inherited)",
					"@executable_path/Frameworks",
				);
				MARKETING_VERSION = 1.0;
				PRODUCT_BUNDLE_IDENTIFIER = com.tsonobe.OneToManyCoreData2;
				PRODUCT_NAME = "$(TARGET_NAME)";
				SWIFT_EMIT_LOC_STRINGS = YES;
				SWIFT_VERSION = 5.0;
				TARGETED_DEVICE_FAMILY = "1,2";
			};
			name = Debug;
		};
		0C7A7B8828390E0B0060D05B /* Release */ = {
			isa = XCBuildConfiguration;
			buildSettings = {
				ASSETCATALOG_COMPILER_APPICON_NAME = AppIcon;
				ASSETCATALOG_COMPILER_GLOBAL_ACCENT_COLOR_NAME = AccentColor;
				CODE_SIGN_STYLE = Automatic;
				CURRENT_PROJECT_VERSION = 1;
				DEVELOPMENT_ASSET_PATHS = "\"OneToManyCoreData2/Preview Content\"";
				DEVELOPMENT_TEAM = 38MT9LSMPC;
				ENABLE_PREVIEWS = YES;
				GENERATE_INFOPLIST_FILE = YES;
				INFOPLIST_KEY_UIApplicationSceneManifest_Generation = YES;
				INFOPLIST_KEY_UIApplicationSupportsIndirectInputEvents = YES;
				INFOPLIST_KEY_UILaunchScreen_Generation = YES;
				INFOPLIST_KEY_UISupportedInterfaceOrientations_iPad = "UIInterfaceOrientationPortrait UIInterfaceOrientationPortraitUpsideDown UIInterfaceOrientationLandscapeLeft UIInterfaceOrientationLandscapeRight";
				INFOPLIST_KEY_UISupportedInterfaceOrientations_iPhone = "UIInterfaceOrientationPortrait UIInterfaceOrientationLandscapeLeft UIInterfaceOrientationLandscapeRight";
				LD_RUNPATH_SEARCH_PATHS = (
					"$(inherited)",
					"@executable_path/Frameworks",
				);
				MARKETING_VERSION = 1.0;
				PRODUCT_BUNDLE_IDENTIFIER = com.tsonobe.OneToManyCoreData2;
				PRODUCT_NAME = "$(TARGET_NAME)";
				SWIFT_EMIT_LOC_STRINGS = YES;
				SWIFT_VERSION = 5.0;
				TARGETED_DEVICE_FAMILY = "1,2";
			};
			name = Release;
		};
/* End XCBuildConfiguration section */

/* Begin XCConfigurationList section */
		0C7A7B6E28390E0A0060D05B /* Build configuration list for PBXProject "OneToManyCoreData2" */ = {
			isa = XCConfigurationList;
			buildConfigurations = (
				0C7A7B8428390E0B0060D05B /* Debug */,
				0C7A7B8528390E0B0060D05B /* Release */,
			);
			defaultConfigurationIsVisible = 0;
			defaultConfigurationName = Release;
		};
		0C7A7B8628390E0B0060D05B /* Build configuration list for PBXNativeTarget "OneToManyCoreData2" */ = {
			isa = XCConfigurationList;
			buildConfigurations = (
				0C7A7B8728390E0B0060D05B /* Debug */,
				0C7A7B8828390E0B0060D05B /* Release */,
			);
			defaultConfigurationIsVisible = 0;
			defaultConfigurationName = Release;
		};
/* End XCConfigurationList section */

/* Begin XCVersionGroup section */
		0C7A7B8128390E0B0060D05B /* OneToManyCoreData2.xcdatamodeld */ = {
			isa = XCVersionGroup;
			children = (
				0C7A7B8228390E0B0060D05B /* OneToManyCoreData2.xcdatamodel */,
			);
			currentVersion = 0C7A7B8228390E0B0060D05B /* OneToManyCoreData2.xcdatamodel */;
			path = OneToManyCoreData2.xcdatamodeld;
			sourceTree = "<group>";
			versionGroupType = wrapper.xcdatamodel;
		};
/* End XCVersionGroup section */
	};
	rootObject = 0C7A7B6B28390E0A0060D05B /* Project object */;
}
